github.com/nguyenhuuluan434/go_math v0.0.1 h1:6dBDk3cR325iQPbN7+/JlD14mf1tzvUzOV18Cs21ask=
github.com/nguyenhuuluan434/go_math v0.0.1/go.mod h1:kTbTZsWCv+ZFM1tj5Lyt7hXDXtl1SeBL2Cv6Kzt8QQg=
github.com/nguyenhuuluan434/go_math v0.0.2 h1:bntPL2TrWK63tijp+QxB8AFCgwDSGlyrTmzi4oYP4aQ=
github.com/nguyenhuuluan434/go_math v0.0.2/go.mod h1:kTbTZsWCv+ZFM1tj5Lyt7hXDXtl1SeBL2Cv6Kzt8QQg=
